
Microsoft Visual Studio Solution File, Format Version 12.00
# Visual Studio Version 17
VisualStudioVersion = 17.1.32210.238
MinimumVisualStudioVersion = 10.0.40219.1
Project("{2150E333-8FDC-42A3-9474-1A3956D46DE8}") = "Source", "Source", "{CFCB567C-E844-4A25-9A5C-58293FB2DBF8}"
EndProject
Project("{2150E333-8FDC-42A3-9474-1A3956D46DE8}") = "Docs", "Docs", "{394353BE-45D4-480F-8F2F-46DD4ABAB080}"
	ProjectSection(SolutionItems) = preProject
		Readme.md = Readme.md
	EndProjectSection
EndProject
Project("{2150E333-8FDC-42A3-9474-1A3956D46DE8}") = "Test", "Test", "{4293B294-B827-4BA1-9C8F-C442C7804554}"
EndProject
Project("{2150E333-8FDC-42A3-9474-1A3956D46DE8}") = "Core", "Core", "{750C5744-545E-4A90-A60F-545368B8A4B3}"
EndProject
Project("{2150E333-8FDC-42A3-9474-1A3956D46DE8}") = "Infrastructure", "Infrastructure", "{A8A9112F-F5CD-40BD-BFEB-5EDFEFA82BFA}"
EndProject
Project("{9A19103F-16F7-4668-BE54-9A1E7A4F7556}") = "Domain", "Domain\Domain.csproj", "{CD961CF9-7DF1-473B-8061-AD85FA2279AF}"
EndProject
Project("{2150E333-8FDC-42A3-9474-1A3956D46DE8}") = "WebApi", "WebApi", "{0ADB953F-0B86-403E-862A-9151F6918426}"
EndProject
Project("{9A19103F-16F7-4668-BE54-9A1E7A4F7556}") = "Application", "Application\Application.csproj", "{54E6BD1C-8B77-4FCB-B26F-0EE55B018662}"
EndProject
Project("{9A19103F-16F7-4668-BE54-9A1E7A4F7556}") = "Infrastructure.Persistence", "Infrastructure.Persistence\Infrastructure.Persistence.csproj", "{F3C0C196-DED9-430B-AC26-8E9ABE7AE439}"
EndProject
Project("{9A19103F-16F7-4668-BE54-9A1E7A4F7556}") = "Infrastructure.Shared", "Infrastructure.Shared\Infrastructure.Shared.csproj", "{B8B8E6E6-6F5A-47CF-B46A-F097DE7C6A31}"
EndProject
Project("{9A19103F-16F7-4668-BE54-9A1E7A4F7556}") = "CoreDemoProject1.Api", "CoreDemoProject1.Api\CoreDemoProject1.Api.csproj", "{CF7E9337-0EDB-454A-9342-FE2D5B8320E3}"
EndProject
Project("{9A19103F-16F7-4668-BE54-9A1E7A4F7556}") = "Infrastructure.Identity", "Infrastructure.Identity\Infrastructure.Identity.csproj", "{01C92449-AB96-40B6-9230-5EFD6B0E055E}"
EndProject
Project("{9A19103F-16F7-4668-BE54-9A1E7A4F7556}") = "CoreDemoProject1.ClientApi", "CoreDemoProject1.ClientApi\CoreDemoProject1.ClientApi.csproj", "{91E52973-A4BE-4C20-82D8-8F25B42EC15E}"
EndProject
Project("{9A19103F-16F7-4668-BE54-9A1E7A4F7556}") = "CoreDemoProject1.AdminApi", "CoreDemoProject1.AdminApi\CoreDemoProject1.AdminApi.csproj", "{BD65B5C1-D69F-46DD-835F-1C8CDE30C2A0}"
EndProject
Global
	GlobalSection(SolutionConfigurationPlatforms) = preSolution
		Debug|Any CPU = Debug|Any CPU
		Release|Any CPU = Release|Any CPU
	EndGlobalSection
	GlobalSection(ProjectConfigurationPlatforms) = postSolution
		{CD961CF9-7DF1-473B-8061-AD85FA2279AF}.Debug|Any CPU.ActiveCfg = Debug|Any CPU
		{CD961CF9-7DF1-473B-8061-AD85FA2279AF}.Debug|Any CPU.Build.0 = Debug|Any CPU
		{CD961CF9-7DF1-473B-8061-AD85FA2279AF}.Release|Any CPU.ActiveCfg = Release|Any CPU
		{CD961CF9-7DF1-473B-8061-AD85FA2279AF}.Release|Any CPU.Build.0 = Release|Any CPU
		{54E6BD1C-8B77-4FCB-B26F-0EE55B018662}.Debug|Any CPU.ActiveCfg = Debug|Any CPU
		{54E6BD1C-8B77-4FCB-B26F-0EE55B018662}.Debug|Any CPU.Build.0 = Debug|Any CPU
		{54E6BD1C-8B77-4FCB-B26F-0EE55B018662}.Release|Any CPU.ActiveCfg = Release|Any CPU
		{54E6BD1C-8B77-4FCB-B26F-0EE55B018662}.Release|Any CPU.Build.0 = Release|Any CPU
		{F3C0C196-DED9-430B-AC26-8E9ABE7AE439}.Debug|Any CPU.ActiveCfg = Debug|Any CPU
		{F3C0C196-DED9-430B-AC26-8E9ABE7AE439}.Debug|Any CPU.Build.0 = Debug|Any CPU
		{F3C0C196-DED9-430B-AC26-8E9ABE7AE439}.Release|Any CPU.ActiveCfg = Release|Any CPU
		{F3C0C196-DED9-430B-AC26-8E9ABE7AE439}.Release|Any CPU.Build.0 = Release|Any CPU
		{B8B8E6E6-6F5A-47CF-B46A-F097DE7C6A31}.Debug|Any CPU.ActiveCfg = Debug|Any CPU
		{B8B8E6E6-6F5A-47CF-B46A-F097DE7C6A31}.Debug|Any CPU.Build.0 = Debug|Any CPU
		{B8B8E6E6-6F5A-47CF-B46A-F097DE7C6A31}.Release|Any CPU.ActiveCfg = Release|Any CPU
		{B8B8E6E6-6F5A-47CF-B46A-F097DE7C6A31}.Release|Any CPU.Build.0 = Release|Any CPU
		{CF7E9337-0EDB-454A-9342-FE2D5B8320E3}.Debug|Any CPU.ActiveCfg = Debug|Any CPU
		{CF7E9337-0EDB-454A-9342-FE2D5B8320E3}.Debug|Any CPU.Build.0 = Debug|Any CPU
		{CF7E9337-0EDB-454A-9342-FE2D5B8320E3}.Release|Any CPU.ActiveCfg = Release|Any CPU
		{CF7E9337-0EDB-454A-9342-FE2D5B8320E3}.Release|Any CPU.Build.0 = Release|Any CPU
		{01C92449-AB96-40B6-9230-5EFD6B0E055E}.Debug|Any CPU.ActiveCfg = Debug|Any CPU
		{01C92449-AB96-40B6-9230-5EFD6B0E055E}.Debug|Any CPU.Build.0 = Debug|Any CPU
		{01C92449-AB96-40B6-9230-5EFD6B0E055E}.Release|Any CPU.ActiveCfg = Release|Any CPU
		{01C92449-AB96-40B6-9230-5EFD6B0E055E}.Release|Any CPU.Build.0 = Release|Any CPU
		{91E52973-A4BE-4C20-82D8-8F25B42EC15E}.Debug|Any CPU.ActiveCfg = Debug|Any CPU
		{91E52973-A4BE-4C20-82D8-8F25B42EC15E}.Debug|Any CPU.Build.0 = Debug|Any CPU
		{91E52973-A4BE-4C20-82D8-8F25B42EC15E}.Release|Any CPU.ActiveCfg = Release|Any CPU
		{91E52973-A4BE-4C20-82D8-8F25B42EC15E}.Release|Any CPU.Build.0 = Release|Any CPU
		{BD65B5C1-D69F-46DD-835F-1C8CDE30C2A0}.Debug|Any CPU.ActiveCfg = Debug|Any CPU
		{BD65B5C1-D69F-46DD-835F-1C8CDE30C2A0}.Debug|Any CPU.Build.0 = Debug|Any CPU
		{BD65B5C1-D69F-46DD-835F-1C8CDE30C2A0}.Release|Any CPU.ActiveCfg = Release|Any CPU
		{BD65B5C1-D69F-46DD-835F-1C8CDE30C2A0}.Release|Any CPU.Build.0 = Release|Any CPU
	EndGlobalSection
	GlobalSection(SolutionProperties) = preSolution
		HideSolutionNode = FALSE
	EndGlobalSection
	GlobalSection(NestedProjects) = preSolution
		{750C5744-545E-4A90-A60F-545368B8A4B3} = {CFCB567C-E844-4A25-9A5C-58293FB2DBF8}
		{A8A9112F-F5CD-40BD-BFEB-5EDFEFA82BFA} = {CFCB567C-E844-4A25-9A5C-58293FB2DBF8}
		{CD961CF9-7DF1-473B-8061-AD85FA2279AF} = {750C5744-545E-4A90-A60F-545368B8A4B3}
		{0ADB953F-0B86-403E-862A-9151F6918426} = {CFCB567C-E844-4A25-9A5C-58293FB2DBF8}
		{54E6BD1C-8B77-4FCB-B26F-0EE55B018662} = {750C5744-545E-4A90-A60F-545368B8A4B3}
		{F3C0C196-DED9-430B-AC26-8E9ABE7AE439} = {A8A9112F-F5CD-40BD-BFEB-5EDFEFA82BFA}
		{B8B8E6E6-6F5A-47CF-B46A-F097DE7C6A31} = {A8A9112F-F5CD-40BD-BFEB-5EDFEFA82BFA}
		{CF7E9337-0EDB-454A-9342-FE2D5B8320E3} = {0ADB953F-0B86-403E-862A-9151F6918426}
		{01C92449-AB96-40B6-9230-5EFD6B0E055E} = {A8A9112F-F5CD-40BD-BFEB-5EDFEFA82BFA}
		{91E52973-A4BE-4C20-82D8-8F25B42EC15E} = {0ADB953F-0B86-403E-862A-9151F6918426}
		{BD65B5C1-D69F-46DD-835F-1C8CDE30C2A0} = {0ADB953F-0B86-403E-862A-9151F6918426}
	EndGlobalSection
	GlobalSection(ExtensibilityGlobals) = postSolution
		SolutionGuid = {218EBFF1-1356-4B92-B3EF-09B31EDC1DF6}
	EndGlobalSection
EndGlobal
